
Microsoft Visual Studio Solution File, Format Version 12.00
# Visual Studio Version 17
VisualStudioVersion = 17.0.32126.317
MinimumVisualStudioVersion = 10.0.40219.1
Project("{FAE04EC0-301F-11D3-BF4B-00C04F79EFBC}") = "AlumniNetworkAPI", "AlumniNetworkAPI\AlumniNetworkAPI.csproj", "{858C7257-9526-4193-89F3-DF5210231C9A}"
EndProject
Global
	GlobalSection(SolutionConfigurationPlatforms) = preSolution
		Debug|Any CPU = Debug|Any CPU
		Release|Any CPU = Release|Any CPU
	EndGlobalSection
	GlobalSection(ProjectConfigurationPlatforms) = postSolution
		{858C7257-9526-4193-89F3-DF5210231C9A}.Debug|Any CPU.ActiveCfg = Debug|Any CPU
		{858C7257-9526-4193-89F3-DF5210231C9A}.Debug|Any CPU.Build.0 = Debug|Any CPU
		{858C7257-9526-4193-89F3-DF5210231C9A}.Release|Any CPU.ActiveCfg = Release|Any CPU
		{858C7257-9526-4193-89F3-DF5210231C9A}.Release|Any CPU.Build.0 = Release|Any CPU
	EndGlobalSection
	GlobalSection(SolutionProperties) = preSolution
		HideSolutionNode = FALSE
	EndGlobalSection
	GlobalSection(ExtensibilityGlobals) = postSolution
		SolutionGuid = {74AF9D6A-9209-4445-903B-CFECF6BE0238}
	EndGlobalSection
EndGlobal
